// !$*UTF8*$!
{
	archiveVersion = 1;
	classes = {
	};
	objectVersion = 77;
	objects = {

/* Begin PBXBuildFile section */
		000A1A73A6856836542E2F88 /* MLXLLM in Frameworks */ = {isa = PBXBuildFile; productRef = 229DA8B4F046EDD0BE3E18F6 /* MLXLLM */; };
		0013EE481523F5B49CF05FA5 /* OverlayState.swift in Sources */ = {isa = PBXBuildFile; fileRef = AD84EBB8CAB4C5D185F0DF95 /* OverlayState.swift */; };
		00E578FB1D51E525DC0848EE /* AboutWindowController.swift in Sources */ = {isa = PBXBuildFile; fileRef = AF57D91A5E5063B83CAFC28E /* AboutWindowController.swift */; };
		01067364070B5BBA2D7B59FA /* AudioCaptureService.swift in Sources */ = {isa = PBXBuildFile; fileRef = BFF1B826BC2523296B373BA2 /* AudioCaptureService.swift */; };
		01312693B495C38C459A3ED9 /* SoundPlayer.swift in Sources */ = {isa = PBXBuildFile; fileRef = B29E89BEBC3A6D953D43D786 /* SoundPlayer.swift */; };
		02743D03E1E5A759D6552016 /* ConversationCoordinator+ModelLifecycle.swift in Sources */ = {isa = PBXBuildFile; fileRef = A3DFF30BE10BE5D40CBC4F25 /* ConversationCoordinator+ModelLifecycle.swift */; };
		03705F248292701C0B9A1B37 /* ACKNOWLEDGMENTS.md in Resources */ = {isa = PBXBuildFile; fileRef = 8752ADE44B1F7FBFAFF2F0A4 /* ACKNOWLEDGMENTS.md */; };
		037B2D219FCD11F758AADC5E /* AcknowledgmentsView.swift in Sources */ = {isa = PBXBuildFile; fileRef = 0DE432A9AE345D4C38296830 /* AcknowledgmentsView.swift */; };
		05EDF0EA77EB4B6F0E21C79A /* OverlaySegmentParser.swift in Sources */ = {isa = PBXBuildFile; fileRef = 6FB45216EEBCD733502E80BD /* OverlaySegmentParser.swift */; };
		0632C00B7CDF40E29CED8DB7 /* WebFetchService.swift in Sources */ = {isa = PBXBuildFile; fileRef = FCE1504980F7D483E19D6948 /* WebFetchService.swift */; };
		0AF88978AAD346BC83FD1709 /* OutputCleaner.swift in Sources */ = {isa = PBXBuildFile; fileRef = 4D6D86D6B64DB80305DABD7A /* OutputCleaner.swift */; };
		0CEF6EE13CFF4E2EADF60CE0 /* WhatsNewWindowController.swift in Sources */ = {isa = PBXBuildFile; fileRef = 53D9C203F503D041092B7CE9 /* WhatsNewWindowController.swift */; };
		0E448FDE2517CB0796FE9C30 /* TextCaptureService.swift in Sources */ = {isa = PBXBuildFile; fileRef = EED198564F400AE0DCD7060C /* TextCaptureService.swift */; };
		0E862D9104787EAF4F3C124B /* FluidAudio in Frameworks */ = {isa = PBXBuildFile; productRef = 4B83221C4708A63B725D42E0 /* FluidAudio */; };
		10675A4BA294E072F5F40DA3 /* ScreenContext.swift in Sources */ = {isa = PBXBuildFile; fileRef = 65C34508FD9EA5F36B12AB56 /* ScreenContext.swift */; };
		127B191CC55BB25BA99385BE /* HotkeyManager.swift in Sources */ = {isa = PBXBuildFile; fileRef = 87D0A1DA4C61A022ADE84FE7 /* HotkeyManager.swift */; };
		14C72431FA25D41928A3826D /* ContextCaptureService.swift in Sources */ = {isa = PBXBuildFile; fileRef = 2D36668894D68F29E5CA2160 /* ContextCaptureService.swift */; };
		182D4961A9A5B428F42D6847 /* LiteRTBackend in Frameworks */ = {isa = PBXBuildFile; productRef = C54BFED2B2AB2637A4F12697 /* LiteRTBackend */; };
		1AD2B362F64EA946E219B20A /* Conversation.swift in Sources */ = {isa = PBXBuildFile; fileRef = A7CDF7C23BBD2F7B6BE57B28 /* Conversation.swift */; };
		1D4BE91698E26932A1744645 /* AppDomainHint.swift in Sources */ = {isa = PBXBuildFile; fileRef = E4222B465C1DCC027D5CC495 /* AppDomainHint.swift */; };
		240CA69764A86C90813CB8A3 /* TranscriptionPipeline.swift in Sources */ = {isa = PBXBuildFile; fileRef = CD37D6D09CC68E266D3B61DC /* TranscriptionPipeline.swift */; };
		295239704309E2F7010675FD /* ModelManager.swift in Sources */ = {isa = PBXBuildFile; fileRef = B6FCACC176424D651D42720A /* ModelManager.swift */; };
		3663CFC1E4498A879FFBA8BC /* DownloadProgressView.swift in Sources */ = {isa = PBXBuildFile; fileRef = B2F39A49546B2AAFB9D37B71 /* DownloadProgressView.swift */; };
		3F02AE7262A85947623E5D01 /* TranscriptionStore.swift in Sources */ = {isa = PBXBuildFile; fileRef = 7A317D25A24A1D673E14A5C5 /* TranscriptionStore.swift */; };
		3F37F606FB76EB35073A4E83 /* GeneratingIndicator.swift in Sources */ = {isa = PBXBuildFile; fileRef = BC3E04B25182845DA9B9813B /* GeneratingIndicator.swift */; };
		45F3153355E855485C011184 /* OverlayActionButtons.swift in Sources */ = {isa = PBXBuildFile; fileRef = C97B07273370812920AB8911 /* OverlayActionButtons.swift */; };
		488FB9E237286AB35AC3F8CA /* MLXLMCommon in Frameworks */ = {isa = PBXBuildFile; productRef = C6C34077F7D56E5C2CEF8C50 /* MLXLMCommon */; };
		489DAD789C62D133FC488BAE /* LicenseActivationView.swift in Sources */ = {isa = PBXBuildFile; fileRef = E71AD531E87ECE5D414E73F3 /* LicenseActivationView.swift */; };
		49D9EEC1F4A6FB6282BF12E3 /* KeyboardShortcuts in Frameworks */ = {isa = PBXBuildFile; productRef = C74D25C465C036EF5715081C /* KeyboardShortcuts */; };
		5040514FC37224C45CFB1C2D /* TTSService.swift in Sources */ = {isa = PBXBuildFile; fileRef = EFFE90D51D1E43701DAD5000 /* TTSService.swift */; };
		50EE883247B235E80D385B55 /* DictationOverlayContent.swift in Sources */ = {isa = PBXBuildFile; fileRef = 62421D945F19CDF4ECD2CA4E /* DictationOverlayContent.swift */; };
		51A1D42781966BF13B164322 /* LicenseManager.swift in Sources */ = {isa = PBXBuildFile; fileRef = B497A20BD9590DF55EC76C9E /* LicenseManager.swift */; };
		51A3F2BBB5AB2C210848E489 /* LLMService.swift in Sources */ = {isa = PBXBuildFile; fileRef = 4F22FC7AA8AECA4B8DCA84AD /* LLMService.swift */; };
		51AAE6DB47D79121D6E62078 /* MLX in Frameworks */ = {isa = PBXBuildFile; productRef = 25385D4FC85485329F210EF4 /* MLX */; };
		524EF51B142EF4AF9990A6D4 /* MathView.swift in Sources */ = {isa = PBXBuildFile; fileRef = C66342DA44DDF53E2901812D /* MathView.swift */; };
		53A8E137320F6D0780FD6C88 /* WebTools.swift in Sources */ = {isa = PBXBuildFile; fileRef = 603F20A92C25B370C7E86E65 /* WebTools.swift */; };
		5428CFB961ADC23D10B8A997 /* ActionCoordinator.swift in Sources */ = {isa = PBXBuildFile; fileRef = 27AE83045AEA2AF62D5E5AE3 /* ActionCoordinator.swift */; };
		55813EBFB8CB292BBE279E2A /* LicenseWindowController.swift in Sources */ = {isa = PBXBuildFile; fileRef = CEABB6BDF721770905E0EC2D /* LicenseWindowController.swift */; };
		5C525BDD318BC543C45060FC /* AudioEncoder.swift in Sources */ = {isa = PBXBuildFile; fileRef = F5A34FC227CF5122EF44B099 /* AudioEncoder.swift */; };
		5E63C8D8CCE90E20BADCB0B2 /* PermissionsCoordinator.swift in Sources */ = {isa = PBXBuildFile; fileRef = 75883B27617618031A16A6A2 /* PermissionsCoordinator.swift */; };
		5FFF818A5134D518CE051B8D /* PreferencesStore.swift in Sources */ = {isa = PBXBuildFile; fileRef = A50CA4C9A784CDEB0BCAA6A5 /* PreferencesStore.swift */; };
		6578A80BF46CAF67F5748152 /* TimerService.swift in Sources */ = {isa = PBXBuildFile; fileRef = 27343CEB87BA2CEB18DC56BF /* TimerService.swift */; };
		6DC0891329F200C50A0AF915 /* MLXBackend in Frameworks */ = {isa = PBXBuildFile; productRef = 23DCF5777FBA9EDE24044C9E /* MLXBackend */; };
		6FCEBE02BA7D06BD333822D8 /* ChatStore.swift in Sources */ = {isa = PBXBuildFile; fileRef = 80A7F4CFE11A4A99FF7E5C91 /* ChatStore.swift */; };
		71D2FB351FF35C1B80B2013C /* SettingsView.swift in Sources */ = {isa = PBXBuildFile; fileRef = 4FA454F19DB60E177B0596E1 /* SettingsView.swift */; };
		72BC650C13D2F3D704F4FDDC /* ConversationCoordinator.swift in Sources */ = {isa = PBXBuildFile; fileRef = E52FC5DFC93EDD1786EBCE0C /* ConversationCoordinator.swift */; };
		76ECDDB93D8AAA078CED6D2F /* OverlayViewModel.swift in Sources */ = {isa = PBXBuildFile; fileRef = 74222E0BB256A59E772FBA2F /* OverlayViewModel.swift */; };
		78B4753A00A5EDEF1C156754 /* CodeHighlighter.swift in Sources */ = {isa = PBXBuildFile; fileRef = 46B863E6B166A97030E7490B /* CodeHighlighter.swift */; };
		7DC5CD92ADD165959173A1DE /* DoneView.swift in Sources */ = {isa = PBXBuildFile; fileRef = 5A13427397DCFC6B9D0D9579 /* DoneView.swift */; };
		8050521651F20B584A6CD5E4 /* Prompts.swift in Sources */ = {isa = PBXBuildFile; fileRef = D6D63F86DBC8DFF469F0E0A1 /* Prompts.swift */; };
		80EA957B608763928313AE11 /* MLXAudio in Frameworks */ = {isa = PBXBuildFile; productRef = CDA63B617BF0D71139F53677 /* MLXAudio */; };
		81B9462B8C701D8F8DC5F18F /* ConversationCoordinator+Dictation.swift in Sources */ = {isa = PBXBuildFile; fileRef = 3390627C559EEB1A30F16468 /* ConversationCoordinator+Dictation.swift */; };
		83423C46651FAB7594F58C21 /* Instructions.swift in Sources */ = {isa = PBXBuildFile; fileRef = 989E98B9697FCD5E05242A3E /* Instructions.swift */; };
		8621221782282E7BCDB6A8D2 /* MenuBarView.swift in Sources */ = {isa = PBXBuildFile; fileRef = 3C426C9C36E5E9DE1BD73EE9 /* MenuBarView.swift */; };
		86946589F7B28A09E8A35755 /* STTService.swift in Sources */ = {isa = PBXBuildFile; fileRef = E0699DEE0F60C1AF8E3D0429 /* STTService.swift */; };
		8AFEAC3764D9EA5CDE496508 /* ActivationPolicyManager.swift in Sources */ = {isa = PBXBuildFile; fileRef = 5E5F16DEBF27AF8CB501457E /* ActivationPolicyManager.swift */; };
		8EF50EB0255180CDB86875D0 /* ListeningIndicator.swift in Sources */ = {isa = PBXBuildFile; fileRef = B9F5C719CE43A11055DA3047 /* ListeningIndicator.swift */; };
		8FD5A41A59534CF6CA54B2CD /* NoteService.swift in Sources */ = {isa = PBXBuildFile; fileRef = D779DEE496D6D03E45AAC683 /* NoteService.swift */; };
		928DD49C83D426FA7F6005FC /* EmailService.swift in Sources */ = {isa = PBXBuildFile; fileRef = 0312C5835647D51B488692A0 /* EmailService.swift */; };
		9378DFBC91DDFD761B48D0AB /* WhisperKitSTTService.swift in Sources */ = {isa = PBXBuildFile; fileRef = 8F7CCC2AF02A6D919A97324B /* WhisperKitSTTService.swift */; };
		98894069BB1ED02C97A048F4 /* ModelFamily.swift in Sources */ = {isa = PBXBuildFile; fileRef = 94070896E3164FEBA649FCDF /* ModelFamily.swift */; };
		99E713D5E8D9B227E64FCD5E /* WebSearchService.swift in Sources */ = {isa = PBXBuildFile; fileRef = 46B884CF3CF73754E9DF136D /* WebSearchService.swift */; };
		9AF365C46D4F08745B337FD9 /* RoutedLLMService.swift in Sources */ = {isa = PBXBuildFile; fileRef = E2EF3AEAE05B4ECCAF305D14 /* RoutedLLMService.swift */; };
		9B75277B7FDD68991CECC399 /* DictationOverlayPanel.swift in Sources */ = {isa = PBXBuildFile; fileRef = 3464CA02DE78836DC021964A /* DictationOverlayPanel.swift */; };
		9D9C8B3A1A13DDDC4220CFEB /* ActionConfirmationPanel.swift in Sources */ = {isa = PBXBuildFile; fileRef = 53EE3C8175509166B9A0EC67 /* ActionConfirmationPanel.swift */; };
		9EADDBD628A6D7EB2D59B9F4 /* SpeakingView.swift in Sources */ = {isa = PBXBuildFile; fileRef = BA8041CD348D86AE54BC384C /* SpeakingView.swift */; };
		9EB4CD12E18CA7FFFEFE22D2 /* AppLocalization.swift in Sources */ = {isa = PBXBuildFile; fileRef = B967B18423C8316228F181A2 /* AppLocalization.swift */; };
		A0726172279B92507A310EED /* KeyboardShortcuts+Names.swift in Sources */ = {isa = PBXBuildFile; fileRef = 9BA64A19E47F6821ECC6C94E /* KeyboardShortcuts+Names.swift */; };
		A3D6517C8A744DB45BE5FFBE /* PendingAction.swift in Sources */ = {isa = PBXBuildFile; fileRef = 35F94EC624E58AC721E8129B /* PendingAction.swift */; };
		A51D6615D6EE78B1058B3D2F /* SwiftMath in Frameworks */ = {isa = PBXBuildFile; productRef = D6249EDCA8291E8EB95C9FB3 /* SwiftMath */; };
		AA39BDAAFDF851226EF53393 /* EventKitService.swift in Sources */ = {isa = PBXBuildFile; fileRef = 5166412DE0142BBE068983B3 /* EventKitService.swift */; };
		AA597185C11D8A6AA7A47F70 /* FluidAudioSTT.swift in Sources */ = {isa = PBXBuildFile; fileRef = 85DF8CE392556BF84513977A /* FluidAudioSTT.swift */; };
		AB3C2CB3B704174C016E4E0B /* ChatMessage.swift in Sources */ = {isa = PBXBuildFile; fileRef = 8E30BB19D13CBFF20FE18E1A /* ChatMessage.swift */; };
		AFC39A98FB5B5E34B66B6856 /* HitokuInference in Frameworks */ = {isa = PBXBuildFile; productRef = 67A75A13EA242970ED0D9CCF /* HitokuInference */; };
		B3D229E43C654D3F9CEA24D1 /* Sparkle in Frameworks */ = {isa = PBXBuildFile; productRef = 7CB2C143DB69AAA24BE5CB52 /* Sparkle */; };
		B4826C61E9BE5F377BA576C9 /* NotificationDelegate.swift in Sources */ = {isa = PBXBuildFile; fileRef = F97EFC7214520ED78C84F6F3 /* NotificationDelegate.swift */; };
		B793EF251FBEEB309F1938D7 /* VoiceActivityDetector.swift in Sources */ = {isa = PBXBuildFile; fileRef = CC0329EFB99608A06EC330AA /* VoiceActivityDetector.swift */; };
		B8562F58809DDFA248666F1A /* AppState.swift in Sources */ = {isa = PBXBuildFile; fileRef = 7631ED79F95EA0FF8F9FBC23 /* AppState.swift */; };
		BE06CC77E54985BE86662032 /* ThreadSafeAudioBuffer.swift in Sources */ = {isa = PBXBuildFile; fileRef = 1B8BDD26ED55CAD75C31DEA9 /* ThreadSafeAudioBuffer.swift */; };
		BEAE1669FC23BF12C5B01272 /* PromptsConfig.json in Resources */ = {isa = PBXBuildFile; fileRef = D869A3C8473D994DDC67E8EC /* PromptsConfig.json */; };
		C450E99A03D822C8343E2FA1 /* EditabilityDetector.swift in Sources */ = {isa = PBXBuildFile; fileRef = 824A906280286B9F49739E2C /* EditabilityDetector.swift */; };
		C4EA697DFF7FBADFE9E7099A /* CalendarTools.swift in Sources */ = {isa = PBXBuildFile; fileRef = 9436EA6A94CA5B4CE36E960B /* CalendarTools.swift */; };
		C70B236AD02E7D790F1E50A8 /* StreamingTextChunker.swift in Sources */ = {isa = PBXBuildFile; fileRef = 829E09C98332B5AB49BB5179 /* StreamingTextChunker.swift */; };
		CA1D287B0F742144F7CDEACF /* MLXAudioSTTService.swift in Sources */ = {isa = PBXBuildFile; fileRef = 4FCC18A9DC690AE945FDB73E /* MLXAudioSTTService.swift */; };
		CA38210A7F3CDB07ECD2C2C2 /* ConversationCoordinator+TTSHelpers.swift in Sources */ = {isa = PBXBuildFile; fileRef = 5A010C6BE6FCC663112B7A91 /* ConversationCoordinator+TTSHelpers.swift */; };
		D32FE7660CB2D7EC954F2C9A /* WhisperKit in Frameworks */ = {isa = PBXBuildFile; productRef = E2979D72A68BB3A8568689D8 /* WhisperKit */; };
		D3F0FFE4FEC261606C31A1BA /* AppDomainConfig.json in Resources */ = {isa = PBXBuildFile; fileRef = 738806D6A072E9D7C923E4D8 /* AppDomainConfig.json */; };
		D5EC541CBAD9C1C25779F577 /* STTModelOption.swift in Sources */ = {isa = PBXBuildFile; fileRef = 15C75712069C040E712DF1D3 /* STTModelOption.swift */; };
		D7FD4D73EFDD0DC3F78C88DB /* DictationPolisher.swift in Sources */ = {isa = PBXBuildFile; fileRef = 8D66CF141FF9AF932BD3B9A4 /* DictationPolisher.swift */; };
		DA5E6594DC52553381C84355 /* DictationTheme.swift in Sources */ = {isa = PBXBuildFile; fileRef = C78A2042DCB79D325EDD547D /* DictationTheme.swift */; };
		DB23F19EFEBC5D3927EC26B6 /* Localizable.strings in Resources */ = {isa = PBXBuildFile; fileRef = EA61C013CD06C41200FA9944 /* Localizable.strings */; };
		DB4DF4B1062648B2444635C8 /* LanguageDetector.swift in Sources */ = {isa = PBXBuildFile; fileRef = 7D6E04299E9593E95514B481 /* LanguageDetector.swift */; };
		DB5BE10579B78357C995E0AD /* ModelOption.swift in Sources */ = {isa = PBXBuildFile; fileRef = 64E5DAAC6DE00D0B2B80E50D /* ModelOption.swift */; };
		DCCC1ED3373E1DEFF2BD8AFE /* Assets.xcassets in Resources */ = {isa = PBXBuildFile; fileRef = FBA6F193298B56B09174DB79 /* Assets.xcassets */; };
		E03BF95CD8CD68B3E4F41E43 /* MLXLLMService.swift in Sources */ = {isa = PBXBuildFile; fileRef = 762C923DC22830F298EC2B9D /* MLXLLMService.swift */; };
		E1FF9D52CB7C9FB169568DDA /* HuggingFace in Frameworks */ = {isa = PBXBuildFile; productRef = 859F4732E53575927C75BD77 /* HuggingFace */; };
		E3E1D9EBA9EB93EB267CAB5A /* MLXVLM in Frameworks */ = {isa = PBXBuildFile; productRef = 3FE0FB479B954A98E91E9333 /* MLXVLM */; };
		E92F1759590CB9584D6E5E90 /* OverlayTextRenderer.swift in Sources */ = {isa = PBXBuildFile; fileRef = D077154B112377828AF3450D /* OverlayTextRenderer.swift */; };
		EC1860206D35BE57C8DFECAB /* DraftDetector.swift in Sources */ = {isa = PBXBuildFile; fileRef = 2256562C2847472EB1D91716 /* DraftDetector.swift */; };
		F665A0E53585DB28A8D06B0C /* VoiceEditorApp.swift in Sources */ = {isa = PBXBuildFile; fileRef = A7916D96FD80EBFF557E2A15 /* VoiceEditorApp.swift */; };
		F77E6DE040F31304637DCC9D /* AXEditabilityDetector.swift in Sources */ = {isa = PBXBuildFile; fileRef = 2076F23BB6BA3EDD97C5BB3E /* AXEditabilityDetector.swift */; };
		FD82ADA8A4E471D39F646555 /* ToolExecutor.swift in Sources */ = {isa = PBXBuildFile; fileRef = 949F66EBAC3E1A6F86B560EE /* ToolExecutor.swift */; };
		FDEE966907876E66C27EA5AF /* ActionRouter.swift in Sources */ = {isa = PBXBuildFile; fileRef = 58C014B33F98C1EB58811A6C /* ActionRouter.swift */; };
/* End PBXBuildFile section */

/* Begin PBXFileReference section */
		0312C5835647D51B488692A0 /* EmailService.swift */ = {isa = PBXFileReference; lastKnownFileType = sourcecode.swift; path = EmailService.swift; sourceTree = "<group>"; };
		0CD7E296C5B4024F850DCD68 /* HitokuInference */ = {isa = PBXFileReference; lastKnownFileType = folder; name = HitokuInference; path = HitokuInference; sourceTree = SOURCE_ROOT; };
		0DE432A9AE345D4C38296830 /* AcknowledgmentsView.swift */ = {isa = PBXFileReference; lastKnownFileType = sourcecode.swift; path = AcknowledgmentsView.swift; sourceTree = "<group>"; };
		15C75712069C040E712DF1D3 /* STTModelOption.swift */ = {isa = PBXFileReference; lastKnownFileType = sourcecode.swift; path = STTModelOption.swift; sourceTree = "<group>"; };
		1B8BDD26ED55CAD75C31DEA9 /* ThreadSafeAudioBuffer.swift */ = {isa = PBXFileReference; lastKnownFileType = sourcecode.swift; path = ThreadSafeAudioBuffer.swift; sourceTree = "<group>"; };
		2076F23BB6BA3EDD97C5BB3E /* AXEditabilityDetector.swift */ = {isa = PBXFileReference; lastKnownFileType = sourcecode.swift; path = AXEditabilityDetector.swift; sourceTree = "<group>"; };
		2256562C2847472EB1D91716 /* DraftDetector.swift */ = {isa = PBXFileReference; lastKnownFileType = sourcecode.swift; path = DraftDetector.swift; sourceTree = "<group>"; };
		27343CEB87BA2CEB18DC56BF /* TimerService.swift */ = {isa = PBXFileReference; lastKnownFileType = sourcecode.swift; path = TimerService.swift; sourceTree = "<group>"; };
		27AE83045AEA2AF62D5E5AE3 /* ActionCoordinator.swift */ = {isa = PBXFileReference; lastKnownFileType = sourcecode.swift; path = ActionCoordinator.swift; sourceTree = "<group>"; };
		2D36668894D68F29E5CA2160 /* ContextCaptureService.swift */ = {isa = PBXFileReference; lastKnownFileType = sourcecode.swift; path = ContextCaptureService.swift; sourceTree = "<group>"; };
		3390627C559EEB1A30F16468 /* ConversationCoordinator+Dictation.swift */ = {isa = PBXFileReference; lastKnownFileType = sourcecode.swift; path = "ConversationCoordinator+Dictation.swift"; sourceTree = "<group>"; };
		3464CA02DE78836DC021964A /* DictationOverlayPanel.swift */ = {isa = PBXFileReference; lastKnownFileType = sourcecode.swift; path = DictationOverlayPanel.swift; sourceTree = "<group>"; };
		35F94EC624E58AC721E8129B /* PendingAction.swift */ = {isa = PBXFileReference; lastKnownFileType = sourcecode.swift; path = PendingAction.swift; sourceTree = "<group>"; };
		3C426C9C36E5E9DE1BD73EE9 /* MenuBarView.swift */ = {isa = PBXFileReference; lastKnownFileType = sourcecode.swift; path = MenuBarView.swift; sourceTree = "<group>"; };
		46B863E6B166A97030E7490B /* CodeHighlighter.swift */ = {isa = PBXFileReference; lastKnownFileType = sourcecode.swift; path = CodeHighlighter.swift; sourceTree = "<group>"; };
		46B884CF3CF73754E9DF136D /* WebSearchService.swift */ = {isa = PBXFileReference; lastKnownFileType = sourcecode.swift; path = WebSearchService.swift; sourceTree = "<group>"; };
		4D6D86D6B64DB80305DABD7A /* OutputCleaner.swift */ = {isa = PBXFileReference; lastKnownFileType = sourcecode.swift; path = OutputCleaner.swift; sourceTree = "<group>"; };
		4F22FC7AA8AECA4B8DCA84AD /* LLMService.swift */ = {isa = PBXFileReference; lastKnownFileType = sourcecode.swift; path = LLMService.swift; sourceTree = "<group>"; };
		4FA454F19DB60E177B0596E1 /* SettingsView.swift */ = {isa = PBXFileReference; lastKnownFileType = sourcecode.swift; path = SettingsView.swift; sourceTree = "<group>"; };
		4FCC18A9DC690AE945FDB73E /* MLXAudioSTTService.swift */ = {isa = PBXFileReference; lastKnownFileType = sourcecode.swift; path = MLXAudioSTTService.swift; sourceTree = "<group>"; };
		5166412DE0142BBE068983B3 /* EventKitService.swift */ = {isa = PBXFileReference; lastKnownFileType = sourcecode.swift; path = EventKitService.swift; sourceTree = "<group>"; };
		52804DE14BDCD156F7FF2DB0 /* HitokuDraft.app */ = {isa = PBXFileReference; explicitFileType = wrapper.application; includeInIndex = 0; path = HitokuDraft.app; sourceTree = BUILT_PRODUCTS_DIR; };
		53D9C203F503D041092B7CE9 /* WhatsNewWindowController.swift */ = {isa = PBXFileReference; lastKnownFileType = sourcecode.swift; path = WhatsNewWindowController.swift; sourceTree = "<group>"; };
		53EE3C8175509166B9A0EC67 /* ActionConfirmationPanel.swift */ = {isa = PBXFileReference; lastKnownFileType = sourcecode.swift; path = ActionConfirmationPanel.swift; sourceTree = "<group>"; };
		548493A688EFE7C85D5F256D /* it */ = {isa = PBXFileReference; lastKnownFileType = text.plist.strings; name = it; path = it.lproj/Localizable.strings; sourceTree = "<group>"; };
		58C014B33F98C1EB58811A6C /* ActionRouter.swift */ = {isa = PBXFileReference; lastKnownFileType = sourcecode.swift; path = ActionRouter.swift; sourceTree = "<group>"; };
		5A010C6BE6FCC663112B7A91 /* ConversationCoordinator+TTSHelpers.swift */ = {isa = PBXFileReference; lastKnownFileType = sourcecode.swift; path = "ConversationCoordinator+TTSHelpers.swift"; sourceTree = "<group>"; };
		5A13427397DCFC6B9D0D9579 /* DoneView.swift */ = {isa = PBXFileReference; lastKnownFileType = sourcecode.swift; path = DoneView.swift; sourceTree = "<group>"; };
		5E5F16DEBF27AF8CB501457E /* ActivationPolicyManager.swift */ = {isa = PBXFileReference; lastKnownFileType = sourcecode.swift; path = ActivationPolicyManager.swift; sourceTree = "<group>"; };
		5E6941A992E4F609C8FB3458 /* fr */ = {isa = PBXFileReference; lastKnownFileType = text.plist.strings; name = fr; path = fr.lproj/Localizable.strings; sourceTree = "<group>"; };
		603F20A92C25B370C7E86E65 /* WebTools.swift */ = {isa = PBXFileReference; lastKnownFileType = sourcecode.swift; path = WebTools.swift; sourceTree = "<group>"; };
		62421D945F19CDF4ECD2CA4E /* DictationOverlayContent.swift */ = {isa = PBXFileReference; lastKnownFileType = sourcecode.swift; path = DictationOverlayContent.swift; sourceTree = "<group>"; };
		64E5DAAC6DE00D0B2B80E50D /* ModelOption.swift */ = {isa = PBXFileReference; lastKnownFileType = sourcecode.swift; path = ModelOption.swift; sourceTree = "<group>"; };
		65C34508FD9EA5F36B12AB56 /* ScreenContext.swift */ = {isa = PBXFileReference; lastKnownFileType = sourcecode.swift; path = ScreenContext.swift; sourceTree = "<group>"; };
		6A6303E49AB14BCD5BFD1962 /* en */ = {isa = PBXFileReference; lastKnownFileType = text.plist.strings; name = en; path = en.lproj/Localizable.strings; sourceTree = "<group>"; };
		6FB45216EEBCD733502E80BD /* OverlaySegmentParser.swift */ = {isa = PBXFileReference; lastKnownFileType = sourcecode.swift; path = OverlaySegmentParser.swift; sourceTree = "<group>"; };
		738806D6A072E9D7C923E4D8 /* AppDomainConfig.json */ = {isa = PBXFileReference; lastKnownFileType = text.json; path = AppDomainConfig.json; sourceTree = "<group>"; };
		74222E0BB256A59E772FBA2F /* OverlayViewModel.swift */ = {isa = PBXFileReference; lastKnownFileType = sourcecode.swift; path = OverlayViewModel.swift; sourceTree = "<group>"; };
		75883B27617618031A16A6A2 /* PermissionsCoordinator.swift */ = {isa = PBXFileReference; lastKnownFileType = sourcecode.swift; path = PermissionsCoordinator.swift; sourceTree = "<group>"; };
		762C923DC22830F298EC2B9D /* MLXLLMService.swift */ = {isa = PBXFileReference; lastKnownFileType = sourcecode.swift; path = MLXLLMService.swift; sourceTree = "<group>"; };
		7631ED79F95EA0FF8F9FBC23 /* AppState.swift */ = {isa = PBXFileReference; lastKnownFileType = sourcecode.swift; path = AppState.swift; sourceTree = "<group>"; };
		7A317D25A24A1D673E14A5C5 /* TranscriptionStore.swift */ = {isa = PBXFileReference; lastKnownFileType = sourcecode.swift; path = TranscriptionStore.swift; sourceTree = "<group>"; };
		7D6E04299E9593E95514B481 /* LanguageDetector.swift */ = {isa = PBXFileReference; lastKnownFileType = sourcecode.swift; path = LanguageDetector.swift; sourceTree = "<group>"; };
		80A7F4CFE11A4A99FF7E5C91 /* ChatStore.swift */ = {isa = PBXFileReference; lastKnownFileType = sourcecode.swift; path = ChatStore.swift; sourceTree = "<group>"; };
		824A906280286B9F49739E2C /* EditabilityDetector.swift */ = {isa = PBXFileReference; lastKnownFileType = sourcecode.swift; path = EditabilityDetector.swift; sourceTree = "<group>"; };
		829E09C98332B5AB49BB5179 /* StreamingTextChunker.swift */ = {isa = PBXFileReference; lastKnownFileType = sourcecode.swift; path = StreamingTextChunker.swift; sourceTree = "<group>"; };
		85DF8CE392556BF84513977A /* FluidAudioSTT.swift */ = {isa = PBXFileReference; lastKnownFileType = sourcecode.swift; path = FluidAudioSTT.swift; sourceTree = "<group>"; };
		8752ADE44B1F7FBFAFF2F0A4 /* ACKNOWLEDGMENTS.md */ = {isa = PBXFileReference; lastKnownFileType = net.daringfireball.markdown; path = ACKNOWLEDGMENTS.md; sourceTree = "<group>"; };
		87D0A1DA4C61A022ADE84FE7 /* HotkeyManager.swift */ = {isa = PBXFileReference; lastKnownFileType = sourcecode.swift; path = HotkeyManager.swift; sourceTree = "<group>"; };
		8D66CF141FF9AF932BD3B9A4 /* DictationPolisher.swift */ = {isa = PBXFileReference; lastKnownFileType = sourcecode.swift; path = DictationPolisher.swift; sourceTree = "<group>"; };
		8E30BB19D13CBFF20FE18E1A /* ChatMessage.swift */ = {isa = PBXFileReference; lastKnownFileType = sourcecode.swift; path = ChatMessage.swift; sourceTree = "<group>"; };
		8F7CCC2AF02A6D919A97324B /* WhisperKitSTTService.swift */ = {isa = PBXFileReference; lastKnownFileType = sourcecode.swift; path = WhisperKitSTTService.swift; sourceTree = "<group>"; };
		94070896E3164FEBA649FCDF /* ModelFamily.swift */ = {isa = PBXFileReference; lastKnownFileType = sourcecode.swift; path = ModelFamily.swift; sourceTree = "<group>"; };
		9436EA6A94CA5B4CE36E960B /* CalendarTools.swift */ = {isa = PBXFileReference; lastKnownFileType = sourcecode.swift; path = CalendarTools.swift; sourceTree = "<group>"; };
		949F66EBAC3E1A6F86B560EE /* ToolExecutor.swift */ = {isa = PBXFileReference; lastKnownFileType = sourcecode.swift; path = ToolExecutor.swift; sourceTree = "<group>"; };
		989E98B9697FCD5E05242A3E /* Instructions.swift */ = {isa = PBXFileReference; lastKnownFileType = sourcecode.swift; path = Instructions.swift; sourceTree = "<group>"; };
		9B3DDD47FE7906B32ED0F69B /* es */ = {isa = PBXFileReference; lastKnownFileType = text.plist.strings; name = es; path = es.lproj/Localizable.strings; sourceTree = "<group>"; };
		9BA64A19E47F6821ECC6C94E /* KeyboardShortcuts+Names.swift */ = {isa = PBXFileReference; lastKnownFileType = sourcecode.swift; path = "KeyboardShortcuts+Names.swift"; sourceTree = "<group>"; };
		A3DFF30BE10BE5D40CBC4F25 /* ConversationCoordinator+ModelLifecycle.swift */ = {isa = PBXFileReference; lastKnownFileType = sourcecode.swift; path = "ConversationCoordinator+ModelLifecycle.swift"; sourceTree = "<group>"; };
		A50CA4C9A784CDEB0BCAA6A5 /* PreferencesStore.swift */ = {isa = PBXFileReference; lastKnownFileType = sourcecode.swift; path = PreferencesStore.swift; sourceTree = "<group>"; };
		A7916D96FD80EBFF557E2A15 /* VoiceEditorApp.swift */ = {isa = PBXFileReference; lastKnownFileType = sourcecode.swift; path = VoiceEditorApp.swift; sourceTree = "<group>"; };
		A7CDF7C23BBD2F7B6BE57B28 /* Conversation.swift */ = {isa = PBXFileReference; lastKnownFileType = sourcecode.swift; path = Conversation.swift; sourceTree = "<group>"; };
		AD84EBB8CAB4C5D185F0DF95 /* OverlayState.swift */ = {isa = PBXFileReference; lastKnownFileType = sourcecode.swift; path = OverlayState.swift; sourceTree = "<group>"; };
		AF57D91A5E5063B83CAFC28E /* AboutWindowController.swift */ = {isa = PBXFileReference; lastKnownFileType = sourcecode.swift; path = AboutWindowController.swift; sourceTree = "<group>"; };
		B29E89BEBC3A6D953D43D786 /* SoundPlayer.swift */ = {isa = PBXFileReference; lastKnownFileType = sourcecode.swift; path = SoundPlayer.swift; sourceTree = "<group>"; };
		B2F39A49546B2AAFB9D37B71 /* DownloadProgressView.swift */ = {isa = PBXFileReference; lastKnownFileType = sourcecode.swift; path = DownloadProgressView.swift; sourceTree = "<group>"; };
		B497A20BD9590DF55EC76C9E /* LicenseManager.swift */ = {isa = PBXFileReference; lastKnownFileType = sourcecode.swift; path = LicenseManager.swift; sourceTree = "<group>"; };
		B6FCACC176424D651D42720A /* ModelManager.swift */ = {isa = PBXFileReference; lastKnownFileType = sourcecode.swift; path = ModelManager.swift; sourceTree = "<group>"; };
		B967B18423C8316228F181A2 /* AppLocalization.swift */ = {isa = PBXFileReference; lastKnownFileType = sourcecode.swift; path = AppLocalization.swift; sourceTree = "<group>"; };
		B9F5C719CE43A11055DA3047 /* ListeningIndicator.swift */ = {isa = PBXFileReference; lastKnownFileType = sourcecode.swift; path = ListeningIndicator.swift; sourceTree = "<group>"; };
		BA8041CD348D86AE54BC384C /* SpeakingView.swift */ = {isa = PBXFileReference; lastKnownFileType = sourcecode.swift; path = SpeakingView.swift; sourceTree = "<group>"; };
		BC3E04B25182845DA9B9813B /* GeneratingIndicator.swift */ = {isa = PBXFileReference; lastKnownFileType = sourcecode.swift; path = GeneratingIndicator.swift; sourceTree = "<group>"; };
		BFF1B826BC2523296B373BA2 /* AudioCaptureService.swift */ = {isa = PBXFileReference; lastKnownFileType = sourcecode.swift; path = AudioCaptureService.swift; sourceTree = "<group>"; };
		C66342DA44DDF53E2901812D /* MathView.swift */ = {isa = PBXFileReference; lastKnownFileType = sourcecode.swift; path = MathView.swift; sourceTree = "<group>"; };
		C78A2042DCB79D325EDD547D /* DictationTheme.swift */ = {isa = PBXFileReference; lastKnownFileType = sourcecode.swift; path = DictationTheme.swift; sourceTree = "<group>"; };
		C97B07273370812920AB8911 /* OverlayActionButtons.swift */ = {isa = PBXFileReference; lastKnownFileType = sourcecode.swift; path = OverlayActionButtons.swift; sourceTree = "<group>"; };
		CC0329EFB99608A06EC330AA /* VoiceActivityDetector.swift */ = {isa = PBXFileReference; lastKnownFileType = sourcecode.swift; path = VoiceActivityDetector.swift; sourceTree = "<group>"; };
		CD37D6D09CC68E266D3B61DC /* TranscriptionPipeline.swift */ = {isa = PBXFileReference; lastKnownFileType = sourcecode.swift; path = TranscriptionPipeline.swift; sourceTree = "<group>"; };
		CEABB6BDF721770905E0EC2D /* LicenseWindowController.swift */ = {isa = PBXFileReference; lastKnownFileType = sourcecode.swift; path = LicenseWindowController.swift; sourceTree = "<group>"; };
		D077154B112377828AF3450D /* OverlayTextRenderer.swift */ = {isa = PBXFileReference; lastKnownFileType = sourcecode.swift; path = OverlayTextRenderer.swift; sourceTree = "<group>"; };
		D6D63F86DBC8DFF469F0E0A1 /* Prompts.swift */ = {isa = PBXFileReference; lastKnownFileType = sourcecode.swift; path = Prompts.swift; sourceTree = "<group>"; };
		D779DEE496D6D03E45AAC683 /* NoteService.swift */ = {isa = PBXFileReference; lastKnownFileType = sourcecode.swift; path = NoteService.swift; sourceTree = "<group>"; };
		D869A3C8473D994DDC67E8EC /* PromptsConfig.json */ = {isa = PBXFileReference; lastKnownFileType = text.json; path = PromptsConfig.json; sourceTree = "<group>"; };
		E0699DEE0F60C1AF8E3D0429 /* STTService.swift */ = {isa = PBXFileReference; lastKnownFileType = sourcecode.swift; path = STTService.swift; sourceTree = "<group>"; };
		E2EF3AEAE05B4ECCAF305D14 /* RoutedLLMService.swift */ = {isa = PBXFileReference; lastKnownFileType = sourcecode.swift; path = RoutedLLMService.swift; sourceTree = "<group>"; };
		E4222B465C1DCC027D5CC495 /* AppDomainHint.swift */ = {isa = PBXFileReference; lastKnownFileType = sourcecode.swift; path = AppDomainHint.swift; sourceTree = "<group>"; };
		E52FC5DFC93EDD1786EBCE0C /* ConversationCoordinator.swift */ = {isa = PBXFileReference; lastKnownFileType = sourcecode.swift; path = ConversationCoordinator.swift; sourceTree = "<group>"; };
		E71AD531E87ECE5D414E73F3 /* LicenseActivationView.swift */ = {isa = PBXFileReference; lastKnownFileType = sourcecode.swift; path = LicenseActivationView.swift; sourceTree = "<group>"; };
		EED198564F400AE0DCD7060C /* TextCaptureService.swift */ = {isa = PBXFileReference; lastKnownFileType = sourcecode.swift; path = TextCaptureService.swift; sourceTree = "<group>"; };
		EFFE90D51D1E43701DAD5000 /* TTSService.swift */ = {isa = PBXFileReference; lastKnownFileType = sourcecode.swift; path = TTSService.swift; sourceTree = "<group>"; };
		F5A34FC227CF5122EF44B099 /* AudioEncoder.swift */ = {isa = PBXFileReference; lastKnownFileType = sourcecode.swift; path = AudioEncoder.swift; sourceTree = "<group>"; };
		F97EFC7214520ED78C84F6F3 /* NotificationDelegate.swift */ = {isa = PBXFileReference; lastKnownFileType = sourcecode.swift; path = NotificationDelegate.swift; sourceTree = "<group>"; };
		FBA6F193298B56B09174DB79 /* Assets.xcassets */ = {isa = PBXFileReference; lastKnownFileType = folder.assetcatalog; path = Assets.xcassets; sourceTree = "<group>"; };
		FCE1504980F7D483E19D6948 /* WebFetchService.swift */ = {isa = PBXFileReference; lastKnownFileType = sourcecode.swift; path = WebFetchService.swift; sourceTree = "<group>"; };
/* End PBXFileReference section */

/* Begin PBXFrameworksBuildPhase section */
		F8D3CFDD3CF6ECB45AECBD01 /* Frameworks */ = {
			isa = PBXFrameworksBuildPhase;
			buildActionMask = 2147483647;
			files = (
				0E862D9104787EAF4F3C124B /* FluidAudio in Frameworks */,
				AFC39A98FB5B5E34B66B6856 /* HitokuInference in Frameworks */,
				6DC0891329F200C50A0AF915 /* MLXBackend in Frameworks */,
				182D4961A9A5B428F42D6847 /* LiteRTBackend in Frameworks */,
				000A1A73A6856836542E2F88 /* MLXLLM in Frameworks */,
				E3E1D9EBA9EB93EB267CAB5A /* MLXVLM in Frameworks */,
				488FB9E237286AB35AC3F8CA /* MLXLMCommon in Frameworks */,
				51AAE6DB47D79121D6E62078 /* MLX in Frameworks */,
				49D9EEC1F4A6FB6282BF12E3 /* KeyboardShortcuts in Frameworks */,
				80EA957B608763928313AE11 /* MLXAudio in Frameworks */,
				E1FF9D52CB7C9FB169568DDA /* HuggingFace in Frameworks */,
				D32FE7660CB2D7EC954F2C9A /* WhisperKit in Frameworks */,
				B3D229E43C654D3F9CEA24D1 /* Sparkle in Frameworks */,
				A51D6615D6EE78B1058B3D2F /* SwiftMath in Frameworks */,
			);
			runOnlyForDeploymentPostprocessing = 0;
		};
/* End PBXFrameworksBuildPhase section */

/* Begin PBXGroup section */
		054E3127C955E6F89A623082 /* Resources */ = {
			isa = PBXGroup;
			children = (
				738806D6A072E9D7C923E4D8 /* AppDomainConfig.json */,
				EA61C013CD06C41200FA9944 /* Localizable.strings */,
				D869A3C8473D994DDC67E8EC /* PromptsConfig.json */,
			);
			path = Resources;
			sourceTree = "<group>";
		};
		0EBF8B5019C9AA7E3BD511F3 /* Overlay */ = {
			isa = PBXGroup;
			children = (
				62421D945F19CDF4ECD2CA4E /* DictationOverlayContent.swift */,
				3464CA02DE78836DC021964A /* DictationOverlayPanel.swift */,
				5A13427397DCFC6B9D0D9579 /* DoneView.swift */,
				BC3E04B25182845DA9B9813B /* GeneratingIndicator.swift */,
				B9F5C719CE43A11055DA3047 /* ListeningIndicator.swift */,
				C97B07273370812920AB8911 /* OverlayActionButtons.swift */,
				AD84EBB8CAB4C5D185F0DF95 /* OverlayState.swift */,
				D077154B112377828AF3450D /* OverlayTextRenderer.swift */,
				74222E0BB256A59E772FBA2F /* OverlayViewModel.swift */,
				BA8041CD348D86AE54BC384C /* SpeakingView.swift */,
			);
			path = Overlay;
			sourceTree = "<group>";
		};
		11DC4EE33794E36777DC4F4B /* Utilities */ = {
			isa = PBXGroup;
			children = (
				5E5F16DEBF27AF8CB501457E /* ActivationPolicyManager.swift */,
				B967B18423C8316228F181A2 /* AppLocalization.swift */,
			);
			path = Utilities;
			sourceTree = "<group>";
		};
		1E5ED3C049212503E517210E /* Models */ = {
			isa = PBXGroup;
			children = (
				E4222B465C1DCC027D5CC495 /* AppDomainHint.swift */,
				7631ED79F95EA0FF8F9FBC23 /* AppState.swift */,
				8E30BB19D13CBFF20FE18E1A /* ChatMessage.swift */,
				A7CDF7C23BBD2F7B6BE57B28 /* Conversation.swift */,
				C78A2042DCB79D325EDD547D /* DictationTheme.swift */,
				94070896E3164FEBA649FCDF /* ModelFamily.swift */,
				64E5DAAC6DE00D0B2B80E50D /* ModelOption.swift */,
				65C34508FD9EA5F36B12AB56 /* ScreenContext.swift */,
				15C75712069C040E712DF1D3 /* STTModelOption.swift */,
			);
			path = Models;
			sourceTree = "<group>";
		};
		2E34EDB6A0AF14B2194F7EA8 /* Views */ = {
			isa = PBXGroup;
			children = (
				AF57D91A5E5063B83CAFC28E /* AboutWindowController.swift */,
				0DE432A9AE345D4C38296830 /* AcknowledgmentsView.swift */,
				46B863E6B166A97030E7490B /* CodeHighlighter.swift */,
				B2F39A49546B2AAFB9D37B71 /* DownloadProgressView.swift */,
				E71AD531E87ECE5D414E73F3 /* LicenseActivationView.swift */,
				CEABB6BDF721770905E0EC2D /* LicenseWindowController.swift */,
				C66342DA44DDF53E2901812D /* MathView.swift */,
				3C426C9C36E5E9DE1BD73EE9 /* MenuBarView.swift */,
				6FB45216EEBCD733502E80BD /* OverlaySegmentParser.swift */,
				4FA454F19DB60E177B0596E1 /* SettingsView.swift */,
				53D9C203F503D041092B7CE9 /* WhatsNewWindowController.swift */,
				0EBF8B5019C9AA7E3BD511F3 /* Overlay */,
			);
			path = Views;
			sourceTree = "<group>";
		};
		3567524FEC9E616A8E4DC7DA = {
			isa = PBXGroup;
			children = (
				8752ADE44B1F7FBFAFF2F0A4 /* ACKNOWLEDGMENTS.md */,
				9CB7CB4AE90CC1C9A47DC3B2 /* Packages */,
				7E367B2C78D72FAAC4D74CB0 /* VoiceEditor */,
				D86BB8CDD42123CB96A16376 /* Products */,
			);
			sourceTree = "<group>";
		};
		459279C57E7167605C5D6F32 /* Orchestration */ = {
			isa = PBXGroup;
			children = (
				E52FC5DFC93EDD1786EBCE0C /* ConversationCoordinator.swift */,
				3390627C559EEB1A30F16468 /* ConversationCoordinator+Dictation.swift */,
				A3DFF30BE10BE5D40CBC4F25 /* ConversationCoordinator+ModelLifecycle.swift */,
				5A010C6BE6FCC663112B7A91 /* ConversationCoordinator+TTSHelpers.swift */,
				2256562C2847472EB1D91716 /* DraftDetector.swift */,
				989E98B9697FCD5E05242A3E /* Instructions.swift */,
				7D6E04299E9593E95514B481 /* LanguageDetector.swift */,
				4D6D86D6B64DB80305DABD7A /* OutputCleaner.swift */,
				D6D63F86DBC8DFF469F0E0A1 /* Prompts.swift */,
				CD37D6D09CC68E266D3B61DC /* TranscriptionPipeline.swift */,
			);
			path = Orchestration;
			sourceTree = "<group>";
		};
		5CD817130402296ADFF17ECD /* Services */ = {
			isa = PBXGroup;
			children = (
				BFF1B826BC2523296B373BA2 /* AudioCaptureService.swift */,
				F5A34FC227CF5122EF44B099 /* AudioEncoder.swift */,
				2076F23BB6BA3EDD97C5BB3E /* AXEditabilityDetector.swift */,
				9436EA6A94CA5B4CE36E960B /* CalendarTools.swift */,
				80A7F4CFE11A4A99FF7E5C91 /* ChatStore.swift */,
				2D36668894D68F29E5CA2160 /* ContextCaptureService.swift */,
				8D66CF141FF9AF932BD3B9A4 /* DictationPolisher.swift */,
				824A906280286B9F49739E2C /* EditabilityDetector.swift */,
				85DF8CE392556BF84513977A /* FluidAudioSTT.swift */,
				87D0A1DA4C61A022ADE84FE7 /* HotkeyManager.swift */,
				B497A20BD9590DF55EC76C9E /* LicenseManager.swift */,
				4F22FC7AA8AECA4B8DCA84AD /* LLMService.swift */,
				4FCC18A9DC690AE945FDB73E /* MLXAudioSTTService.swift */,
				762C923DC22830F298EC2B9D /* MLXLLMService.swift */,
				B6FCACC176424D651D42720A /* ModelManager.swift */,
				F97EFC7214520ED78C84F6F3 /* NotificationDelegate.swift */,
				75883B27617618031A16A6A2 /* PermissionsCoordinator.swift */,
				A50CA4C9A784CDEB0BCAA6A5 /* PreferencesStore.swift */,
				E2EF3AEAE05B4ECCAF305D14 /* RoutedLLMService.swift */,
				B29E89BEBC3A6D953D43D786 /* SoundPlayer.swift */,
				829E09C98332B5AB49BB5179 /* StreamingTextChunker.swift */,
				E0699DEE0F60C1AF8E3D0429 /* STTService.swift */,
				EED198564F400AE0DCD7060C /* TextCaptureService.swift */,
				1B8BDD26ED55CAD75C31DEA9 /* ThreadSafeAudioBuffer.swift */,
				949F66EBAC3E1A6F86B560EE /* ToolExecutor.swift */,
				7A317D25A24A1D673E14A5C5 /* TranscriptionStore.swift */,
				EFFE90D51D1E43701DAD5000 /* TTSService.swift */,
				CC0329EFB99608A06EC330AA /* VoiceActivityDetector.swift */,
				FCE1504980F7D483E19D6948 /* WebFetchService.swift */,
				46B884CF3CF73754E9DF136D /* WebSearchService.swift */,
				603F20A92C25B370C7E86E65 /* WebTools.swift */,
				8F7CCC2AF02A6D919A97324B /* WhisperKitSTTService.swift */,
			);
			path = Services;
			sourceTree = "<group>";
		};
		6178929F51D2F3AC5083B567 /* Actions */ = {
			isa = PBXGroup;
			children = (
				53EE3C8175509166B9A0EC67 /* ActionConfirmationPanel.swift */,
				27AE83045AEA2AF62D5E5AE3 /* ActionCoordinator.swift */,
				58C014B33F98C1EB58811A6C /* ActionRouter.swift */,
				0312C5835647D51B488692A0 /* EmailService.swift */,
				5166412DE0142BBE068983B3 /* EventKitService.swift */,
				D779DEE496D6D03E45AAC683 /* NoteService.swift */,
				35F94EC624E58AC721E8129B /* PendingAction.swift */,
				27343CEB87BA2CEB18DC56BF /* TimerService.swift */,
			);
			path = Actions;
			sourceTree = "<group>";
		};
		7E367B2C78D72FAAC4D74CB0 /* VoiceEditor */ = {
			isa = PBXGroup;
			children = (
				FBA6F193298B56B09174DB79 /* Assets.xcassets */,
				A7916D96FD80EBFF557E2A15 /* VoiceEditorApp.swift */,
				6178929F51D2F3AC5083B567 /* Actions */,
				FDB959AFB4D4A9A5F2948304 /* Extensions */,
				1E5ED3C049212503E517210E /* Models */,
				459279C57E7167605C5D6F32 /* Orchestration */,
				054E3127C955E6F89A623082 /* Resources */,
				5CD817130402296ADFF17ECD /* Services */,
				11DC4EE33794E36777DC4F4B /* Utilities */,
				2E34EDB6A0AF14B2194F7EA8 /* Views */,
			);
			path = VoiceEditor;
			sourceTree = "<group>";
		};
		9CB7CB4AE90CC1C9A47DC3B2 /* Packages */ = {
			isa = PBXGroup;
			children = (
				0CD7E296C5B4024F850DCD68 /* HitokuInference */,
			);
			name = Packages;
			sourceTree = "<group>";
		};
		D86BB8CDD42123CB96A16376 /* Products */ = {
			isa = PBXGroup;
			children = (
				52804DE14BDCD156F7FF2DB0 /* HitokuDraft.app */,
			);
			name = Products;
			sourceTree = "<group>";
		};
		FDB959AFB4D4A9A5F2948304 /* Extensions */ = {
			isa = PBXGroup;
			children = (
				9BA64A19E47F6821ECC6C94E /* KeyboardShortcuts+Names.swift */,
			);
			path = Extensions;
			sourceTree = "<group>";
		};
/* End PBXGroup section */

/* Begin PBXNativeTarget section */
		AA714135804DCC9EFDD5E6E9 /* HitokuDraft */ = {
			isa = PBXNativeTarget;
			buildConfigurationList = 89F57BD34E991AC4E320A4B3 /* Build configuration list for PBXNativeTarget "HitokuDraft" */;
			buildPhases = (
				832FE55E9E3FE7059B2050A7 /* Sources */,
				E13BB4992A3F9D37C98C9A94 /* Resources */,
				F8D3CFDD3CF6ECB45AECBD01 /* Frameworks */,
				96F5783714479692C0D36A4B /* Embed LiteRT Dylibs */,
			);
			buildRules = (
			);
			dependencies = (
			);
			name = HitokuDraft;
			packageProductDependencies = (
				4B83221C4708A63B725D42E0 /* FluidAudio */,
				67A75A13EA242970ED0D9CCF /* HitokuInference */,
				23DCF5777FBA9EDE24044C9E /* MLXBackend */,
				C54BFED2B2AB2637A4F12697 /* LiteRTBackend */,
				229DA8B4F046EDD0BE3E18F6 /* MLXLLM */,
				3FE0FB479B954A98E91E9333 /* MLXVLM */,
				C6C34077F7D56E5C2CEF8C50 /* MLXLMCommon */,
				25385D4FC85485329F210EF4 /* MLX */,
				C74D25C465C036EF5715081C /* KeyboardShortcuts */,
				CDA63B617BF0D71139F53677 /* MLXAudio */,
				859F4732E53575927C75BD77 /* HuggingFace */,
				E2979D72A68BB3A8568689D8 /* WhisperKit */,
				7CB2C143DB69AAA24BE5CB52 /* Sparkle */,
				D6249EDCA8291E8EB95C9FB3 /* SwiftMath */,
			);
			productName = HitokuDraft;
			productReference = 52804DE14BDCD156F7FF2DB0 /* HitokuDraft.app */;
			productType = "com.apple.product-type.application";
		};
/* End PBXNativeTarget section */

/* Begin PBXProject section */
		F0103E1FE618EC94572523F6 /* Project object */ = {
			isa = PBXProject;
			attributes = {
				BuildIndependentTargetsInParallel = YES;
				LastUpgradeCheck = 1600;
				TargetAttributes = {
					AA714135804DCC9EFDD5E6E9 = {
						DevelopmentTeam = R4S8W6UC7K;
						ProvisioningStyle = Automatic;
					};
				};
			};
			buildConfigurationList = 3DC4C709882A13E00887CE34 /* Build configuration list for PBXProject "HitokuDraft" */;
			compatibilityVersion = "Xcode 14.0";
			developmentRegion = en;
			hasScannedForEncodings = 0;
			knownRegions = (
				Base,
				en,
				es,
				fr,
				it,
			);
			mainGroup = 3567524FEC9E616A8E4DC7DA;
			minimizedProjectReferenceProxies = 1;
			packageReferences = (
				B74FCEBD588979491837875A /* XCRemoteSwiftPackageReference "FluidAudio" */,
				846CFFCBD9652C77881A733C /* XCRemoteSwiftPackageReference "KeyboardShortcuts" */,
				F9DB3590C5ED986BDF8A1F05 /* XCRemoteSwiftPackageReference "Sparkle" */,
				ADB2C52C38BD4CC765A3719B /* XCRemoteSwiftPackageReference "SwiftMath" */,
				E5467354D2271CC0F5CA9AB2 /* XCRemoteSwiftPackageReference "WhisperKit" */,
				C61192D2B7F0073239400C4D /* XCRemoteSwiftPackageReference "mlx-audio-swift" */,
				6AE6FC8F35AAC1A3BE9B1074 /* XCRemoteSwiftPackageReference "mlx-swift" */,
				BF6EA73D771740394ACA2529 /* XCRemoteSwiftPackageReference "mlx-swift-lm" */,
				25F0C92D6A32DD10EE20A9D2 /* XCRemoteSwiftPackageReference "swift-huggingface" */,
				B1B1A5EE16E8F85F41E4AE51 /* XCLocalSwiftPackageReference "HitokuInference" */,
			);
			preferredProjectObjectVersion = 77;
			projectDirPath = "";
			projectRoot = "";
			targets = (
				AA714135804DCC9EFDD5E6E9 /* HitokuDraft */,
			);
		};
/* End PBXProject section */

/* Begin PBXResourcesBuildPhase section */
		E13BB4992A3F9D37C98C9A94 /* Resources */ = {
			isa = PBXResourcesBuildPhase;
			buildActionMask = 2147483647;
			files = (
				03705F248292701C0B9A1B37 /* ACKNOWLEDGMENTS.md in Resources */,
				D3F0FFE4FEC261606C31A1BA /* AppDomainConfig.json in Resources */,
				DCCC1ED3373E1DEFF2BD8AFE /* Assets.xcassets in Resources */,
				DB23F19EFEBC5D3927EC26B6 /* Localizable.strings in Resources */,
				BEAE1669FC23BF12C5B01272 /* PromptsConfig.json in Resources */,
			);
			runOnlyForDeploymentPostprocessing = 0;
		};
/* End PBXResourcesBuildPhase section */

/* Begin PBXShellScriptBuildPhase section */
		96F5783714479692C0D36A4B /* Embed LiteRT Dylibs */ = {
			isa = PBXShellScriptBuildPhase;
			buildActionMask = 2147483647;
			files = (
			);
			inputFileListPaths = (
			);
			inputPaths = (
			);
			name = "Embed LiteRT Dylibs";
			outputFileListPaths = (
			);
			outputPaths = (
			);
			runOnlyForDeploymentPostprocessing = 0;
			shellPath = /bin/sh;
			shellScript = "# Embed LiteRT dylibs into the app bundle for runtime dlopen loading.\nLITERT_LIBS=\"${SRCROOT}/HitokuInference/Libraries/macos_arm64\"\nLITERT_PREBUILT=\"${SRCROOT}/../litert-lm/prebuilt/macos_arm64\"\nFRAMEWORKS_DIR=\"${BUILT_PRODUCTS_DIR}/${FRAMEWORKS_FOLDER_PATH}\"\nMACOS_DIR=\"${BUILT_PRODUCTS_DIR}/${EXECUTABLE_FOLDER_PATH}\"\nmkdir -p \"${FRAMEWORKS_DIR}\"\n# Copy engine + runtime dylibs to Frameworks/\nfor lib in liblitert_lm_engine.dylib libLiteRt.dylib libGemmaModelConstraintProvider.dylib; do\n  if [ -f \"${LITERT_LIBS}/${lib}\" ]; then\n    cp -f \"${LITERT_LIBS}/${lib}\" \"${FRAMEWORKS_DIR}/\"\n    codesign --force --sign \"${EXPANDED_CODE_SIGN_IDENTITY}\" \"${FRAMEWORKS_DIR}/${lib}\" 2>/dev/null || true\n  fi\ndone\n# GPU accelerator dylibs must be next to the executable (LiteRT dlopen uses bare filename)\nfor lib in libLiteRtMetalAccelerator.dylib libLiteRtWebGpuAccelerator.dylib libLiteRtTopKWebGpuSampler.dylib; do\n  SRC=\"${LITERT_LIBS}/${lib}\"\n  [ ! -f \"${SRC}\" ] && SRC=\"${LITERT_PREBUILT}/${lib}\"\n  if [ -f \"${SRC}\" ]; then\n    cp -f \"${SRC}\" \"${MACOS_DIR}/\"\n    codesign --force --sign \"${EXPANDED_CODE_SIGN_IDENTITY}\" \"${MACOS_DIR}/${lib}\" 2>/dev/null || true\n  fi\ndone\n# Copy licensing.json into Resources if it exists (commercial builds only)\nif [ -f \"${SRCROOT}/licensing.json\" ]; then\n  cp -f \"${SRCROOT}/licensing.json\" \"${BUILT_PRODUCTS_DIR}/${UNLOCALIZED_RESOURCES_FOLDER_PATH}/licensing.json\"\nfi\n";
		};
/* End PBXShellScriptBuildPhase section */

/* Begin PBXSourcesBuildPhase section */
		832FE55E9E3FE7059B2050A7 /* Sources */ = {
			isa = PBXSourcesBuildPhase;
			buildActionMask = 2147483647;
			files = (
				F77E6DE040F31304637DCC9D /* AXEditabilityDetector.swift in Sources */,
				00E578FB1D51E525DC0848EE /* AboutWindowController.swift in Sources */,
				037B2D219FCD11F758AADC5E /* AcknowledgmentsView.swift in Sources */,
				9D9C8B3A1A13DDDC4220CFEB /* ActionConfirmationPanel.swift in Sources */,
				5428CFB961ADC23D10B8A997 /* ActionCoordinator.swift in Sources */,
				FDEE966907876E66C27EA5AF /* ActionRouter.swift in Sources */,
				8AFEAC3764D9EA5CDE496508 /* ActivationPolicyManager.swift in Sources */,
				1D4BE91698E26932A1744645 /* AppDomainHint.swift in Sources */,
				9EB4CD12E18CA7FFFEFE22D2 /* AppLocalization.swift in Sources */,
				B8562F58809DDFA248666F1A /* AppState.swift in Sources */,
				01067364070B5BBA2D7B59FA /* AudioCaptureService.swift in Sources */,
				5C525BDD318BC543C45060FC /* AudioEncoder.swift in Sources */,
				C4EA697DFF7FBADFE9E7099A /* CalendarTools.swift in Sources */,
				AB3C2CB3B704174C016E4E0B /* ChatMessage.swift in Sources */,
				6FCEBE02BA7D06BD333822D8 /* ChatStore.swift in Sources */,
				78B4753A00A5EDEF1C156754 /* CodeHighlighter.swift in Sources */,
				14C72431FA25D41928A3826D /* ContextCaptureService.swift in Sources */,
				1AD2B362F64EA946E219B20A /* Conversation.swift in Sources */,
				81B9462B8C701D8F8DC5F18F /* ConversationCoordinator+Dictation.swift in Sources */,
				02743D03E1E5A759D6552016 /* ConversationCoordinator+ModelLifecycle.swift in Sources */,
				CA38210A7F3CDB07ECD2C2C2 /* ConversationCoordinator+TTSHelpers.swift in Sources */,
				72BC650C13D2F3D704F4FDDC /* ConversationCoordinator.swift in Sources */,
				50EE883247B235E80D385B55 /* DictationOverlayContent.swift in Sources */,
				9B75277B7FDD68991CECC399 /* DictationOverlayPanel.swift in Sources */,
				D7FD4D73EFDD0DC3F78C88DB /* DictationPolisher.swift in Sources */,
				DA5E6594DC52553381C84355 /* DictationTheme.swift in Sources */,
				7DC5CD92ADD165959173A1DE /* DoneView.swift in Sources */,
				3663CFC1E4498A879FFBA8BC /* DownloadProgressView.swift in Sources */,
				EC1860206D35BE57C8DFECAB /* DraftDetector.swift in Sources */,
				C450E99A03D822C8343E2FA1 /* EditabilityDetector.swift in Sources */,
				928DD49C83D426FA7F6005FC /* EmailService.swift in Sources */,
				AA39BDAAFDF851226EF53393 /* EventKitService.swift in Sources */,
				AA597185C11D8A6AA7A47F70 /* FluidAudioSTT.swift in Sources */,
				3F37F606FB76EB35073A4E83 /* GeneratingIndicator.swift in Sources */,
				127B191CC55BB25BA99385BE /* HotkeyManager.swift in Sources */,
				83423C46651FAB7594F58C21 /* Instructions.swift in Sources */,
				A0726172279B92507A310EED /* KeyboardShortcuts+Names.swift in Sources */,
				51A3F2BBB5AB2C210848E489 /* LLMService.swift in Sources */,
				DB4DF4B1062648B2444635C8 /* LanguageDetector.swift in Sources */,
				489DAD789C62D133FC488BAE /* LicenseActivationView.swift in Sources */,
				51A1D42781966BF13B164322 /* LicenseManager.swift in Sources */,
				55813EBFB8CB292BBE279E2A /* LicenseWindowController.swift in Sources */,
				8EF50EB0255180CDB86875D0 /* ListeningIndicator.swift in Sources */,
				CA1D287B0F742144F7CDEACF /* MLXAudioSTTService.swift in Sources */,
				E03BF95CD8CD68B3E4F41E43 /* MLXLLMService.swift in Sources */,
				524EF51B142EF4AF9990A6D4 /* MathView.swift in Sources */,
				8621221782282E7BCDB6A8D2 /* MenuBarView.swift in Sources */,
				98894069BB1ED02C97A048F4 /* ModelFamily.swift in Sources */,
				295239704309E2F7010675FD /* ModelManager.swift in Sources */,
				DB5BE10579B78357C995E0AD /* ModelOption.swift in Sources */,
				8FD5A41A59534CF6CA54B2CD /* NoteService.swift in Sources */,
				B4826C61E9BE5F377BA576C9 /* NotificationDelegate.swift in Sources */,
				0AF88978AAD346BC83FD1709 /* OutputCleaner.swift in Sources */,
				45F3153355E855485C011184 /* OverlayActionButtons.swift in Sources */,
				05EDF0EA77EB4B6F0E21C79A /* OverlaySegmentParser.swift in Sources */,
				0013EE481523F5B49CF05FA5 /* OverlayState.swift in Sources */,
				E92F1759590CB9584D6E5E90 /* OverlayTextRenderer.swift in Sources */,
				76ECDDB93D8AAA078CED6D2F /* OverlayViewModel.swift in Sources */,
				A3D6517C8A744DB45BE5FFBE /* PendingAction.swift in Sources */,
				5E63C8D8CCE90E20BADCB0B2 /* PermissionsCoordinator.swift in Sources */,
				5FFF818A5134D518CE051B8D /* PreferencesStore.swift in Sources */,
				8050521651F20B584A6CD5E4 /* Prompts.swift in Sources */,
				9AF365C46D4F08745B337FD9 /* RoutedLLMService.swift in Sources */,
				D5EC541CBAD9C1C25779F577 /* STTModelOption.swift in Sources */,
				86946589F7B28A09E8A35755 /* STTService.swift in Sources */,
				10675A4BA294E072F5F40DA3 /* ScreenContext.swift in Sources */,
				71D2FB351FF35C1B80B2013C /* SettingsView.swift in Sources */,
				01312693B495C38C459A3ED9 /* SoundPlayer.swift in Sources */,
				9EADDBD628A6D7EB2D59B9F4 /* SpeakingView.swift in Sources */,
				C70B236AD02E7D790F1E50A8 /* StreamingTextChunker.swift in Sources */,
				5040514FC37224C45CFB1C2D /* TTSService.swift in Sources */,
				0E448FDE2517CB0796FE9C30 /* TextCaptureService.swift in Sources */,
				BE06CC77E54985BE86662032 /* ThreadSafeAudioBuffer.swift in Sources */,
				6578A80BF46CAF67F5748152 /* TimerService.swift in Sources */,
				FD82ADA8A4E471D39F646555 /* ToolExecutor.swift in Sources */,
				240CA69764A86C90813CB8A3 /* TranscriptionPipeline.swift in Sources */,
				3F02AE7262A85947623E5D01 /* TranscriptionStore.swift in Sources */,
				B793EF251FBEEB309F1938D7 /* VoiceActivityDetector.swift in Sources */,
				F665A0E53585DB28A8D06B0C /* VoiceEditorApp.swift in Sources */,
				0632C00B7CDF40E29CED8DB7 /* WebFetchService.swift in Sources */,
				99E713D5E8D9B227E64FCD5E /* WebSearchService.swift in Sources */,
				53A8E137320F6D0780FD6C88 /* WebTools.swift in Sources */,
				0CEF6EE13CFF4E2EADF60CE0 /* WhatsNewWindowController.swift in Sources */,
				9378DFBC91DDFD761B48D0AB /* WhisperKitSTTService.swift in Sources */,
			);
			runOnlyForDeploymentPostprocessing = 0;
		};
/* End PBXSourcesBuildPhase section */

/* Begin PBXVariantGroup section */
		EA61C013CD06C41200FA9944 /* Localizable.strings */ = {
			isa = PBXVariantGroup;
			children = (
				6A6303E49AB14BCD5BFD1962 /* en */,
				9B3DDD47FE7906B32ED0F69B /* es */,
				5E6941A992E4F609C8FB3458 /* fr */,
				548493A688EFE7C85D5F256D /* it */,
			);
			name = Localizable.strings;
			sourceTree = "<group>";
		};
/* End PBXVariantGroup section */

/* Begin XCBuildConfiguration section */
		071E91DBEF14C7868C44200E /* Release */ = {
			isa = XCBuildConfiguration;
			buildSettings = {
				ASSETCATALOG_COMPILER_APPICON_NAME = AppIcon;
				CODE_SIGN_ENTITLEMENTS = VoiceEditor/VoiceEditor.entitlements;
				CODE_SIGN_STYLE = Automatic;
				COMBINE_HIDPI_IMAGES = YES;
				COPY_PHASE_STRIP = YES;
				CURRENT_PROJECT_VERSION = 24;
				DEAD_CODE_STRIPPING = YES;
				DEPLOYMENT_POSTPROCESSING = YES;
				DEVELOPMENT_TEAM = R4S8W6UC7K;
				ENABLE_HARDENED_RUNTIME = YES;
				EXCLUDED_ARCHS = x86_64;
				GCC_OPTIMIZATION_LEVEL = s;
				INFOPLIST_FILE = VoiceEditor/Info.plist;
				LD_RUNPATH_SEARCH_PATHS = (
					"$(inherited)",
					"@executable_path/../Frameworks",
				);
				MACOSX_DEPLOYMENT_TARGET = 14.0;
				MARKETING_VERSION = 1.6.3;
				PRODUCT_BUNDLE_IDENTIFIER = com.hitokudraft.app;
				PRODUCT_NAME = "Hitoku Draft";
				SDKROOT = macosx;
				STRIP_INSTALLED_PRODUCT = YES;
				STRIP_STYLE = all;
				SWIFT_OPTIMIZATION_LEVEL = "-Osize";
				SWIFT_VERSION = 5.10;
			};
			name = Release;
		};
		11A506F6E8943419990C85CC /* Release */ = {
			isa = XCBuildConfiguration;
			buildSettings = {
				ALWAYS_SEARCH_USER_PATHS = NO;
				CLANG_ANALYZER_NONNULL = YES;
				CLANG_ANALYZER_NUMBER_OBJECT_CONVERSION = YES_AGGRESSIVE;
				CLANG_CXX_LANGUAGE_STANDARD = "gnu++14";
				CLANG_CXX_LIBRARY = "libc++";
				CLANG_ENABLE_MODULES = YES;
				CLANG_ENABLE_OBJC_ARC = YES;
				CLANG_ENABLE_OBJC_WEAK = YES;
				CLANG_WARN_BLOCK_CAPTURE_AUTORELEASING = YES;
				CLANG_WARN_BOOL_CONVERSION = YES;
				CLANG_WARN_COMMA = YES;
				CLANG_WARN_CONSTANT_CONVERSION = YES;
				CLANG_WARN_DEPRECATED_OBJC_IMPLEMENTATIONS = YES;
				CLANG_WARN_DIRECT_OBJC_ISA_USAGE = YES_ERROR;
				CLANG_WARN_DOCUMENTATION_COMMENTS = YES;
				CLANG_WARN_EMPTY_BODY = YES;
				CLANG_WARN_ENUM_CONVERSION = YES;
				CLANG_WARN_INFINITE_RECURSION = YES;
				CLANG_WARN_INT_CONVERSION = YES;
				CLANG_WARN_NON_LITERAL_NULL_CONVERSION = YES;
				CLANG_WARN_OBJC_IMPLICIT_RETAIN_SELF = YES;
				CLANG_WARN_OBJC_LITERAL_CONVERSION = YES;
				CLANG_WARN_OBJC_ROOT_CLASS = YES_ERROR;
				CLANG_WARN_QUOTED_INCLUDE_IN_FRAMEWORK_HEADER = YES;
				CLANG_WARN_RANGE_LOOP_ANALYSIS = YES;
				CLANG_WARN_STRICT_PROTOTYPES = YES;
				CLANG_WARN_SUSPICIOUS_MOVE = YES;
				CLANG_WARN_UNGUARDED_AVAILABILITY = YES_AGGRESSIVE;
				CLANG_WARN_UNREACHABLE_CODE = YES;
				CLANG_WARN__DUPLICATE_METHOD_MATCH = YES;
				COPY_PHASE_STRIP = NO;
				DEBUG_INFORMATION_FORMAT = "dwarf-with-dsym";
				ENABLE_NS_ASSERTIONS = NO;
				ENABLE_STRICT_OBJC_MSGSEND = YES;
				GCC_C_LANGUAGE_STANDARD = gnu11;
				GCC_NO_COMMON_BLOCKS = YES;
				GCC_WARN_64_TO_32_BIT_CONVERSION = YES;
				GCC_WARN_ABOUT_RETURN_TYPE = YES_ERROR;
				GCC_WARN_UNDECLARED_SELECTOR = YES;
				GCC_WARN_UNINITIALIZED_AUTOS = YES_AGGRESSIVE;
				GCC_WARN_UNUSED_FUNCTION = YES;
				GCC_WARN_UNUSED_VARIABLE = YES;
				MACOSX_DEPLOYMENT_TARGET = 14.0;
				MTL_ENABLE_DEBUG_INFO = NO;
				MTL_FAST_MATH = YES;
				PRODUCT_NAME = "$(TARGET_NAME)";
				SDKROOT = macosx;
				SWIFT_COMPILATION_MODE = wholemodule;
				SWIFT_OPTIMIZATION_LEVEL = "-O";
				SWIFT_VERSION = 5.0;
			};
			name = Release;
		};
		CEEAAE30504829253F20077E /* Debug */ = {
			isa = XCBuildConfiguration;
			buildSettings = {
				ALWAYS_SEARCH_USER_PATHS = NO;
				CLANG_ANALYZER_NONNULL = YES;
				CLANG_ANALYZER_NUMBER_OBJECT_CONVERSION = YES_AGGRESSIVE;
				CLANG_CXX_LANGUAGE_STANDARD = "gnu++14";
				CLANG_CXX_LIBRARY = "libc++";
				CLANG_ENABLE_MODULES = YES;
				CLANG_ENABLE_OBJC_ARC = YES;
				CLANG_ENABLE_OBJC_WEAK = YES;
				CLANG_WARN_BLOCK_CAPTURE_AUTORELEASING = YES;
				CLANG_WARN_BOOL_CONVERSION = YES;
				CLANG_WARN_COMMA = YES;
				CLANG_WARN_CONSTANT_CONVERSION = YES;
				CLANG_WARN_DEPRECATED_OBJC_IMPLEMENTATIONS = YES;
				CLANG_WARN_DIRECT_OBJC_ISA_USAGE = YES_ERROR;
				CLANG_WARN_DOCUMENTATION_COMMENTS = YES;
				CLANG_WARN_EMPTY_BODY = YES;
				CLANG_WARN_ENUM_CONVERSION = YES;
				CLANG_WARN_INFINITE_RECURSION = YES;
				CLANG_WARN_INT_CONVERSION = YES;
				CLANG_WARN_NON_LITERAL_NULL_CONVERSION = YES;
				CLANG_WARN_OBJC_IMPLICIT_RETAIN_SELF = YES;
				CLANG_WARN_OBJC_LITERAL_CONVERSION = YES;
				CLANG_WARN_OBJC_ROOT_CLASS = YES_ERROR;
				CLANG_WARN_QUOTED_INCLUDE_IN_FRAMEWORK_HEADER = YES;
				CLANG_WARN_RANGE_LOOP_ANALYSIS = YES;
				CLANG_WARN_STRICT_PROTOTYPES = YES;
				CLANG_WARN_SUSPICIOUS_MOVE = YES;
				CLANG_WARN_UNGUARDED_AVAILABILITY = YES_AGGRESSIVE;
				CLANG_WARN_UNREACHABLE_CODE = YES;
				CLANG_WARN__DUPLICATE_METHOD_MATCH = YES;
				COPY_PHASE_STRIP = NO;
				DEBUG_INFORMATION_FORMAT = dwarf;
				ENABLE_STRICT_OBJC_MSGSEND = YES;
				ENABLE_TESTABILITY = YES;
				GCC_C_LANGUAGE_STANDARD = gnu11;
				GCC_DYNAMIC_NO_PIC = NO;
				GCC_NO_COMMON_BLOCKS = YES;
				GCC_OPTIMIZATION_LEVEL = 0;
				GCC_PREPROCESSOR_DEFINITIONS = (
					"$(inherited)",
					"DEBUG=1",
				);
				GCC_WARN_64_TO_32_BIT_CONVERSION = YES;
				GCC_WARN_ABOUT_RETURN_TYPE = YES_ERROR;
				GCC_WARN_UNDECLARED_SELECTOR = YES;
				GCC_WARN_UNINITIALIZED_AUTOS = YES_AGGRESSIVE;
				GCC_WARN_UNUSED_FUNCTION = YES;
				GCC_WARN_UNUSED_VARIABLE = YES;
				MACOSX_DEPLOYMENT_TARGET = 14.0;
				MTL_ENABLE_DEBUG_INFO = INCLUDE_SOURCE;
				MTL_FAST_MATH = YES;
				ONLY_ACTIVE_ARCH = YES;
				PRODUCT_NAME = "$(TARGET_NAME)";
				SDKROOT = macosx;
				SWIFT_ACTIVE_COMPILATION_CONDITIONS = DEBUG;
				SWIFT_OPTIMIZATION_LEVEL = "-Onone";
				SWIFT_VERSION = 5.0;
			};
			name = Debug;
		};
		EC27E18137FC089DB84DF3D8 /* Debug */ = {
			isa = XCBuildConfiguration;
			buildSettings = {
				ASSETCATALOG_COMPILER_APPICON_NAME = AppIcon;
				CODE_SIGN_ENTITLEMENTS = VoiceEditor/VoiceEditor.entitlements;
				CODE_SIGN_STYLE = Automatic;
				COMBINE_HIDPI_IMAGES = YES;
				CURRENT_PROJECT_VERSION = 24;
				DEAD_CODE_STRIPPING = YES;
				DEVELOPMENT_TEAM = R4S8W6UC7K;
				ENABLE_HARDENED_RUNTIME = YES;
				EXCLUDED_ARCHS = x86_64;
				INFOPLIST_FILE = VoiceEditor/Info.plist;
				LD_RUNPATH_SEARCH_PATHS = (
					"$(inherited)",
					"@executable_path/../Frameworks",
				);
				MACOSX_DEPLOYMENT_TARGET = 14.0;
				MARKETING_VERSION = 1.6.3;
				PRODUCT_BUNDLE_IDENTIFIER = com.hitokudraft.app;
				PRODUCT_NAME = "Hitoku Draft";
				SDKROOT = macosx;
				SWIFT_OPTIMIZATION_LEVEL = "-Onone";
				SWIFT_VERSION = 5.10;
			};
			name = Debug;
		};
/* End XCBuildConfiguration section */

/* Begin XCConfigurationList section */
		3DC4C709882A13E00887CE34 /* Build configuration list for PBXProject "HitokuDraft" */ = {
			isa = XCConfigurationList;
			buildConfigurations = (
				CEEAAE30504829253F20077E /* Debug */,
				11A506F6E8943419990C85CC /* Release */,
			);
			defaultConfigurationIsVisible = 0;
			defaultConfigurationName = Release;
		};
		89F57BD34E991AC4E320A4B3 /* Build configuration list for PBXNativeTarget "HitokuDraft" */ = {
			isa = XCConfigurationList;
			buildConfigurations = (
				EC27E18137FC089DB84DF3D8 /* Debug */,
				071E91DBEF14C7868C44200E /* Release */,
			);
			defaultConfigurationIsVisible = 0;
			defaultConfigurationName = Release;
		};
/* End XCConfigurationList section */

/* Begin XCLocalSwiftPackageReference section */
		B1B1A5EE16E8F85F41E4AE51 /* XCLocalSwiftPackageReference "HitokuInference" */ = {
			isa = XCLocalSwiftPackageReference;
			relativePath = HitokuInference;
		};
/* End XCLocalSwiftPackageReference section */

/* Begin XCRemoteSwiftPackageReference section */
		25F0C92D6A32DD10EE20A9D2 /* XCRemoteSwiftPackageReference "swift-huggingface" */ = {
			isa = XCRemoteSwiftPackageReference;
			repositoryURL = "https://github.com/huggingface/swift-huggingface";
			requirement = {
				kind = upToNextMajorVersion;
				minimumVersion = 0.8.1;
			};
		};
		6AE6FC8F35AAC1A3BE9B1074 /* XCRemoteSwiftPackageReference "mlx-swift" */ = {
			isa = XCRemoteSwiftPackageReference;
			repositoryURL = "https://github.com/ml-explore/mlx-swift";
			requirement = {
				kind = upToNextMinorVersion;
				minimumVersion = 0.30.6;
			};
		};
		846CFFCBD9652C77881A733C /* XCRemoteSwiftPackageReference "KeyboardShortcuts" */ = {
			isa = XCRemoteSwiftPackageReference;
			repositoryURL = "https://github.com/sindresorhus/KeyboardShortcuts";
			requirement = {
				kind = upToNextMajorVersion;
				minimumVersion = 2.0.0;
			};
		};
		ADB2C52C38BD4CC765A3719B /* XCRemoteSwiftPackageReference "SwiftMath" */ = {
			isa = XCRemoteSwiftPackageReference;
			repositoryURL = "https://github.com/mgriebling/SwiftMath";
			requirement = {
				kind = upToNextMajorVersion;
				minimumVersion = 1.7.0;
			};
		};
		B74FCEBD588979491837875A /* XCRemoteSwiftPackageReference "FluidAudio" */ = {
			isa = XCRemoteSwiftPackageReference;
			repositoryURL = "https://github.com/FluidInference/FluidAudio";
			requirement = {
				kind = revision;
				revision = 843250b;
			};
		};
		BF6EA73D771740394ACA2529 /* XCRemoteSwiftPackageReference "mlx-swift-lm" */ = {
			isa = XCRemoteSwiftPackageReference;
			repositoryURL = "https://github.com/ml-explore/mlx-swift-lm";
			requirement = {
				kind = revision;
				revision = 6bb84aa;
			};
		};
		C61192D2B7F0073239400C4D /* XCRemoteSwiftPackageReference "mlx-audio-swift" */ = {
			isa = XCRemoteSwiftPackageReference;
			repositoryURL = "https://github.com/Blaizzy/mlx-audio-swift";
			requirement = {
				kind = upToNextMajorVersion;
				minimumVersion = 0.1.0;
			};
		};
		E5467354D2271CC0F5CA9AB2 /* XCRemoteSwiftPackageReference "WhisperKit" */ = {
			isa = XCRemoteSwiftPackageReference;
			repositoryURL = "https://github.com/argmaxinc/WhisperKit";
			requirement = {
				kind = upToNextMajorVersion;
				minimumVersion = 0.18.0;
			};
		};
		F9DB3590C5ED986BDF8A1F05 /* XCRemoteSwiftPackageReference "Sparkle" */ = {
			isa = XCRemoteSwiftPackageReference;
			repositoryURL = "https://github.com/sparkle-project/Sparkle";
			requirement = {
				kind = upToNextMajorVersion;
				minimumVersion = 2.0.0;
			};
		};
/* End XCRemoteSwiftPackageReference section */

/* Begin XCSwiftPackageProductDependency section */
		229DA8B4F046EDD0BE3E18F6 /* MLXLLM */ = {
			isa = XCSwiftPackageProductDependency;
			package = BF6EA73D771740394ACA2529 /* XCRemoteSwiftPackageReference "mlx-swift-lm" */;
			productName = MLXLLM;
		};
		23DCF5777FBA9EDE24044C9E /* MLXBackend */ = {
			isa = XCSwiftPackageProductDependency;
			productName = MLXBackend;
		};
		25385D4FC85485329F210EF4 /* MLX */ = {
			isa = XCSwiftPackageProductDependency;
			package = 6AE6FC8F35AAC1A3BE9B1074 /* XCRemoteSwiftPackageReference "mlx-swift" */;
			productName = MLX;
		};
		3FE0FB479B954A98E91E9333 /* MLXVLM */ = {
			isa = XCSwiftPackageProductDependency;
			package = BF6EA73D771740394ACA2529 /* XCRemoteSwiftPackageReference "mlx-swift-lm" */;
			productName = MLXVLM;
		};
		4B83221C4708A63B725D42E0 /* FluidAudio */ = {
			isa = XCSwiftPackageProductDependency;
			package = B74FCEBD588979491837875A /* XCRemoteSwiftPackageReference "FluidAudio" */;
			productName = FluidAudio;
		};
		67A75A13EA242970ED0D9CCF /* HitokuInference */ = {
			isa = XCSwiftPackageProductDependency;
			productName = HitokuInference;
		};
		7CB2C143DB69AAA24BE5CB52 /* Sparkle */ = {
			isa = XCSwiftPackageProductDependency;
			package = F9DB3590C5ED986BDF8A1F05 /* XCRemoteSwiftPackageReference "Sparkle" */;
			productName = Sparkle;
		};
		859F4732E53575927C75BD77 /* HuggingFace */ = {
			isa = XCSwiftPackageProductDependency;
			package = 25F0C92D6A32DD10EE20A9D2 /* XCRemoteSwiftPackageReference "swift-huggingface" */;
			productName = HuggingFace;
		};
		C54BFED2B2AB2637A4F12697 /* LiteRTBackend */ = {
			isa = XCSwiftPackageProductDependency;
			productName = LiteRTBackend;
		};
		C6C34077F7D56E5C2CEF8C50 /* MLXLMCommon */ = {
			isa = XCSwiftPackageProductDependency;
			package = BF6EA73D771740394ACA2529 /* XCRemoteSwiftPackageReference "mlx-swift-lm" */;
			productName = MLXLMCommon;
		};
		C74D25C465C036EF5715081C /* KeyboardShortcuts */ = {
			isa = XCSwiftPackageProductDependency;
			package = 846CFFCBD9652C77881A733C /* XCRemoteSwiftPackageReference "KeyboardShortcuts" */;
			productName = KeyboardShortcuts;
		};
		CDA63B617BF0D71139F53677 /* MLXAudio */ = {
			isa = XCSwiftPackageProductDependency;
			package = C61192D2B7F0073239400C4D /* XCRemoteSwiftPackageReference "mlx-audio-swift" */;
			productName = MLXAudio;
		};
		D6249EDCA8291E8EB95C9FB3 /* SwiftMath */ = {
			isa = XCSwiftPackageProductDependency;
			package = ADB2C52C38BD4CC765A3719B /* XCRemoteSwiftPackageReference "SwiftMath" */;
			productName = SwiftMath;
		};
		E2979D72A68BB3A8568689D8 /* WhisperKit */ = {
			isa = XCSwiftPackageProductDependency;
			package = E5467354D2271CC0F5CA9AB2 /* XCRemoteSwiftPackageReference "WhisperKit" */;
			productName = WhisperKit;
		};
/* End XCSwiftPackageProductDependency section */
	};
	rootObject = F0103E1FE618EC94572523F6 /* Project object */;
}
